
Microsoft Visual Studio Solution File, Format Version 12.00
# Visual Studio 14
VisualStudioVersion = 14.0.25420.1
MinimumVisualStudioVersion = 10.0.40219.1
Project("{FAE04EC0-301F-11D3-BF4B-00C04F79EFBC}") = "SharpVirtualAgentUI", "SharpVirtualAgentUI\SharpVirtualAgentUI.csproj", "{EB10F45B-6081-489A-9670-D1A17D58B98F}"
EndProject
Project("{FAE04EC0-301F-11D3-BF4B-00C04F79EFBC}") = "LuisClientLibrary", "LuisClientLibrary\LuisClientLibrary.csproj", "{AF6F1E9F-26A5-4109-9957-F3A1A3611328}"
EndProject
Project("{FAE04EC0-301F-11D3-BF4B-00C04F79EFBC}") = "NBTApp", "NBTApp\NBTApp.csproj", "{5F7413FA-5953-477B-BDC3-EA29B83D34D0}"
EndProject
Project("{2150E333-8FDC-42A3-9474-1A3956D46DE8}") = "ExtLibs", "ExtLibs", "{DC9E7C70-A13E-4A43-9743-F322777A4E00}"
EndProject
Project("{FAE04EC0-301F-11D3-BF4B-00C04F79EFBC}") = "OpenWeatherMap", "OpenWeatherMap\OpenWeatherMap.csproj", "{C223CE7D-A7E7-4F76-8FC1-AFC7FBC95234}"
EndProject
Project("{FAE04EC0-301F-11D3-BF4B-00C04F79EFBC}") = "SharpVirtualAgentConsole", "SharpVirtualAgentConsole\SharpVirtualAgentConsole.csproj", "{C18A0EAB-3258-43C9-A841-596E5D91CE8F}"
EndProject
Global
	GlobalSection(SolutionConfigurationPlatforms) = preSolution
		Debug|Any CPU = Debug|Any CPU
		Release|Any CPU = Release|Any CPU
	EndGlobalSection
	GlobalSection(ProjectConfigurationPlatforms) = postSolution
		{EB10F45B-6081-489A-9670-D1A17D58B98F}.Debug|Any CPU.ActiveCfg = Debug|Any CPU
		{EB10F45B-6081-489A-9670-D1A17D58B98F}.Debug|Any CPU.Build.0 = Debug|Any CPU
		{EB10F45B-6081-489A-9670-D1A17D58B98F}.Release|Any CPU.ActiveCfg = Release|Any CPU
		{EB10F45B-6081-489A-9670-D1A17D58B98F}.Release|Any CPU.Build.0 = Release|Any CPU
		{AF6F1E9F-26A5-4109-9957-F3A1A3611328}.Debug|Any CPU.ActiveCfg = Debug|Any CPU
		{AF6F1E9F-26A5-4109-9957-F3A1A3611328}.Debug|Any CPU.Build.0 = Debug|Any CPU
		{AF6F1E9F-26A5-4109-9957-F3A1A3611328}.Release|Any CPU.ActiveCfg = Release|Any CPU
		{AF6F1E9F-26A5-4109-9957-F3A1A3611328}.Release|Any CPU.Build.0 = Release|Any CPU
		{5F7413FA-5953-477B-BDC3-EA29B83D34D0}.Debug|Any CPU.ActiveCfg = Debug|Any CPU
		{5F7413FA-5953-477B-BDC3-EA29B83D34D0}.Debug|Any CPU.Build.0 = Debug|Any CPU
		{5F7413FA-5953-477B-BDC3-EA29B83D34D0}.Release|Any CPU.ActiveCfg = Release|Any CPU
		{5F7413FA-5953-477B-BDC3-EA29B83D34D0}.Release|Any CPU.Build.0 = Release|Any CPU
		{C223CE7D-A7E7-4F76-8FC1-AFC7FBC95234}.Debug|Any CPU.ActiveCfg = Debug|Any CPU
		{C223CE7D-A7E7-4F76-8FC1-AFC7FBC95234}.Debug|Any CPU.Build.0 = Debug|Any CPU
		{C223CE7D-A7E7-4F76-8FC1-AFC7FBC95234}.Release|Any CPU.ActiveCfg = Release|Any CPU
		{C223CE7D-A7E7-4F76-8FC1-AFC7FBC95234}.Release|Any CPU.Build.0 = Release|Any CPU
		{C18A0EAB-3258-43C9-A841-596E5D91CE8F}.Debug|Any CPU.ActiveCfg = Debug|Any CPU
		{C18A0EAB-3258-43C9-A841-596E5D91CE8F}.Debug|Any CPU.Build.0 = Debug|Any CPU
		{C18A0EAB-3258-43C9-A841-596E5D91CE8F}.Release|Any CPU.ActiveCfg = Release|Any CPU
		{C18A0EAB-3258-43C9-A841-596E5D91CE8F}.Release|Any CPU.Build.0 = Release|Any CPU
	EndGlobalSection
	GlobalSection(SolutionProperties) = preSolution
		HideSolutionNode = FALSE
	EndGlobalSection
	GlobalSection(NestedProjects) = preSolution
		{AF6F1E9F-26A5-4109-9957-F3A1A3611328} = {DC9E7C70-A13E-4A43-9743-F322777A4E00}
		{C223CE7D-A7E7-4F76-8FC1-AFC7FBC95234} = {DC9E7C70-A13E-4A43-9743-F322777A4E00}
	EndGlobalSection
EndGlobal
